
Microsoft Visual Studio Solution File, Format Version 12.00
Project("{FAE04EC0-301F-11D3-BF4B-00C04F79EFBC}") = "Gateway.Api", "Gateway.Api\Gateway.Api.csproj", "{BF75E73B-7916-40E4-BC75-A1C0EEF36288}"
EndProject
Project("{FAE04EC0-301F-11D3-BF4B-00C04F79EFBC}") = "Gateway.Application", "Gateway.Application\Gateway.Application.csproj", "{3B17F411-19C1-4D9F-8B72-EE23E6FF5664}"
EndProject
Project("{FAE04EC0-301F-11D3-BF4B-00C04F79EFBC}") = "Gateway.Infrastructure", "Gateway.Infrastructure\Gateway.Infrastructure.csproj", "{4DEC19D7-1ACB-4936-861C-F75DAB98959E}"
EndProject
Project("{FAE04EC0-301F-11D3-BF4B-00C04F79EFBC}") = "Gateway.Tests", "Gateway.Tests\Gateway.Tests.csproj", "{0B54031A-DF66-4184-BB20-34ECF7986488}"
EndProject
Global
	GlobalSection(SolutionConfigurationPlatforms) = preSolution
		Debug|Any CPU = Debug|Any CPU
		Release|Any CPU = Release|Any CPU
	EndGlobalSection
	GlobalSection(ProjectConfigurationPlatforms) = postSolution
		{BF75E73B-7916-40E4-BC75-A1C0EEF36288}.Debug|Any CPU.ActiveCfg = Debug|Any CPU
		{BF75E73B-7916-40E4-BC75-A1C0EEF36288}.Debug|Any CPU.Build.0 = Debug|Any CPU
		{BF75E73B-7916-40E4-BC75-A1C0EEF36288}.Release|Any CPU.ActiveCfg = Release|Any CPU
		{BF75E73B-7916-40E4-BC75-A1C0EEF36288}.Release|Any CPU.Build.0 = Release|Any CPU
		{3B17F411-19C1-4D9F-8B72-EE23E6FF5664}.Debug|Any CPU.ActiveCfg = Debug|Any CPU
		{3B17F411-19C1-4D9F-8B72-EE23E6FF5664}.Debug|Any CPU.Build.0 = Debug|Any CPU
		{3B17F411-19C1-4D9F-8B72-EE23E6FF5664}.Release|Any CPU.ActiveCfg = Release|Any CPU
		{3B17F411-19C1-4D9F-8B72-EE23E6FF5664}.Release|Any CPU.Build.0 = Release|Any CPU
		{4DEC19D7-1ACB-4936-861C-F75DAB98959E}.Debug|Any CPU.ActiveCfg = Debug|Any CPU
		{4DEC19D7-1ACB-4936-861C-F75DAB98959E}.Debug|Any CPU.Build.0 = Debug|Any CPU
		{4DEC19D7-1ACB-4936-861C-F75DAB98959E}.Release|Any CPU.ActiveCfg = Release|Any CPU
		{4DEC19D7-1ACB-4936-861C-F75DAB98959E}.Release|Any CPU.Build.0 = Release|Any CPU
		{0B54031A-DF66-4184-BB20-34ECF7986488}.Debug|Any CPU.ActiveCfg = Debug|Any CPU
		{0B54031A-DF66-4184-BB20-34ECF7986488}.Debug|Any CPU.Build.0 = Debug|Any CPU
		{0B54031A-DF66-4184-BB20-34ECF7986488}.Release|Any CPU.ActiveCfg = Release|Any CPU
		{0B54031A-DF66-4184-BB20-34ECF7986488}.Release|Any CPU.Build.0 = Release|Any CPU
	EndGlobalSection
EndGlobal
